
Microsoft Visual Studio Solution File, Format Version 12.00
# Visual Studio Version 17
VisualStudioVersion = 17.5.33516.290
MinimumVisualStudioVersion = 10.0.40219.1
Project("{FAE04EC0-301F-11D3-BF4B-00C04F79EFBC}") = "MVC_SmallTask", "MVC_SmallTask\MVC_SmallTask.csproj", "{8D2DB69D-D750-468E-B359-3AB9D82DB942}"
EndProject
Global
	GlobalSection(SolutionConfigurationPlatforms) = preSolution
		Debug|Any CPU = Debug|Any CPU
		Release|Any CPU = Release|Any CPU
	EndGlobalSection
	GlobalSection(ProjectConfigurationPlatforms) = postSolution
		{8D2DB69D-D750-468E-B359-3AB9D82DB942}.Debug|Any CPU.ActiveCfg = Debug|Any CPU
		{8D2DB69D-D750-468E-B359-3AB9D82DB942}.Debug|Any CPU.Build.0 = Debug|Any CPU
		{8D2DB69D-D750-468E-B359-3AB9D82DB942}.Release|Any CPU.ActiveCfg = Release|Any CPU
		{8D2DB69D-D750-468E-B359-3AB9D82DB942}.Release|Any CPU.Build.0 = Release|Any CPU
	EndGlobalSection
	GlobalSection(SolutionProperties) = preSolution
		HideSolutionNode = FALSE
	EndGlobalSection
	GlobalSection(ExtensibilityGlobals) = postSolution
		SolutionGuid = {7C7647D7-F370-472A-8C91-BB12A5BEAD62}
	EndGlobalSection
EndGlobal
